{"cliVersion":"0.20.0","productModuleName":"AddLibrary","sourceFilePaths":[{"path":"\/Users\/nguyentuan\/Documents\/IOS\/TechMaster\/IOS Nâng cao\/AddLibrary\/AddLibrary\/AppDelegate.swift","hash":"caac6e8f55ff1a92dac27592b2943d087fec11ac"},{"path":"\/Users\/nguyentuan\/Documents\/IOS\/TechMaster\/IOS Nâng cao\/AddLibrary\/AddLibrary\/SceneDelegate.swift","hash":"2efadc65477c76a31619e7f9e8f2698e887ca6ef"},{"path":"\/Users\/nguyentuan\/Documents\/IOS\/TechMaster\/IOS Nâng cao\/AddLibrary\/AddLibrary\/Screens\/LoginPresenter.swift","hash":"0ceaf00cd5072f172710a6e333bc4e9b69b10cda"},{"path":"\/Users\/nguyentuan\/Documents\/IOS\/TechMaster\/IOS Nâng cao\/AddLibrary\/AddLibrary\/Screens\/LoginViewController.swift","hash":"953e5c9a3a3724359815d554a00873a307305678"},{"path":"\/Users\/nguyentuan\/Documents\/IOS\/TechMaster\/IOS Nâng cao\/AddLibrary\/AddLibrary\/ViewController.swift","hash":"9de95aea070c3e54be907aca129431927a998db5"}],"configHash":"965acb443cf60979ae7f572d891bf84ac7b1e560","dependencyPathsHash":"fd5bbc63ebbfa21facfaecfeec58a4200045819d","targetPathsHash":"ec7870130d52699876df145855db3dc93b6cded3","mockedTypesHash":"0c8f79f198cec79a96b8fbe78336262768fd000d","outputHash":"d8f0a48713edba3faf2b4d200fec0e451cef57e1","dependencies":[],"sourceRoot":"\/Users\/nguyentuan\/Documents\/IOS\/TechMaster\/IOS Nâng cao\/AddLibrary","supportingFilePaths":[{"path":"\/Users\/nguyentuan\/Documents\/IOS\/TechMaster\/IOS Nâng cao\/AddLibrary\/MockingbirdSupport\/AppKit\/NSResponder.swift","hash":"21296949c6d570892c8665a450e62c234c938790"},{"path":"\/Users\/nguyentuan\/Documents\/IOS\/TechMaster\/IOS Nâng cao\/AddLibrary\/MockingbirdSupport\/AppKit\/NSView.swift","hash":"85b3183be144012a7e105e292426c3d9f8966072"},{"path":"\/Users\/nguyentuan\/Documents\/IOS\/TechMaster\/IOS Nâng cao\/AddLibrary\/MockingbirdSupport\/AppKit\/NSViewController.swift","hash":"d8785e8a119f2723c8840534df0ad8ac61409797"},{"path":"\/Users\/nguyentuan\/Documents\/IOS\/TechMaster\/IOS Nâng cao\/AddLibrary\/MockingbirdSupport\/Foundation\/ObjectiveC\/NSObject.swift","hash":"cf466772b8c2d80d31f34b93b501b398fbb8854d"},{"path":"\/Users\/nguyentuan\/Documents\/IOS\/TechMaster\/IOS Nâng cao\/AddLibrary\/MockingbirdSupport\/Foundation\/ObjectiveC\/NSObject.swift","hash":"cf466772b8c2d80d31f34b93b501b398fbb8854d"},{"path":"\/Users\/nguyentuan\/Documents\/IOS\/TechMaster\/IOS Nâng cao\/AddLibrary\/MockingbirdSupport\/Swift\/Codable.swift","hash":"57675d8b36a2db7b093b3542bd3225a88992c3bc"},{"path":"\/Users\/nguyentuan\/Documents\/IOS\/TechMaster\/IOS Nâng cao\/AddLibrary\/MockingbirdSupport\/Swift\/Comparable.swift","hash":"d0d110744eeaf2f8fdd2f8a41df3452f35286bb7"},{"path":"\/Users\/nguyentuan\/Documents\/IOS\/TechMaster\/IOS Nâng cao\/AddLibrary\/MockingbirdSupport\/Swift\/Equatable.swift","hash":"2e7674f4e23a5ab7aef45b91b63c0ed5934c3b83"},{"path":"\/Users\/nguyentuan\/Documents\/IOS\/TechMaster\/IOS Nâng cao\/AddLibrary\/MockingbirdSupport\/Swift\/Hashable.swift","hash":"f59ec249aa03e312f2bda7c3b397c0dccd880a21"},{"path":"\/Users\/nguyentuan\/Documents\/IOS\/TechMaster\/IOS Nâng cao\/AddLibrary\/MockingbirdSupport\/Swift\/Misc.swift","hash":"c139249ec5799f1ec64c3d9e7d8c1f286b894035"},{"path":"\/Users\/nguyentuan\/Documents\/IOS\/TechMaster\/IOS Nâng cao\/AddLibrary\/MockingbirdSupport\/UIKit\/UIControl.swift","hash":"9363a4c38002598dbbc1198f16fe7198b8151d24"},{"path":"\/Users\/nguyentuan\/Documents\/IOS\/TechMaster\/IOS Nâng cao\/AddLibrary\/MockingbirdSupport\/UIKit\/UILabel.swift","hash":"e26a734695bfe008598ed0d8c936683db78f40ac"},{"path":"\/Users\/nguyentuan\/Documents\/IOS\/TechMaster\/IOS Nâng cao\/AddLibrary\/MockingbirdSupport\/UIKit\/UIView.swift","hash":"10e6b03a9c5a76f720c17fcb82af82ff66994926"},{"path":"\/Users\/nguyentuan\/Documents\/IOS\/TechMaster\/IOS Nâng cao\/AddLibrary\/MockingbirdSupport\/UIKit\/UIViewController.swift","hash":"bbd8980a22029f339b0e8746124fd06d94730570"}],"name":"AddLibrary","projectHash":"3fe565134d818549a096aa01b513adbf74f315f2"}