{"projectHash":"3fe565134d818549a096aa01b513adbf74f315f2","productModuleName":"AddLibraryTests","mockedTypeNames":["\/Users\/nguyentuan\/Documents\/IOS\/TechMaster\/IOS Nâng cao\/AddLibrary\/AddLibraryTests\/TetsLoginPresenter.swift",["LoginDisplay"],"\/Users\/nguyentuan\/Documents\/IOS\/TechMaster\/IOS Nâng cao\/AddLibrary\/AddLibraryTests\/AddLibraryTests.swift",[]],"cliVersion":"0.20.0","sourceFilePaths":[{"path":"\/Users\/nguyentuan\/Documents\/IOS\/TechMaster\/IOS Nâng cao\/AddLibrary\/AddLibraryTests\/AddLibraryTests.swift","hash":"7e91d8e5733664b94901096f89a5c3486d382c99"},{"path":"\/Users\/nguyentuan\/Documents\/IOS\/TechMaster\/IOS Nâng cao\/AddLibrary\/AddLibraryTests\/TetsLoginPresenter.swift","hash":"27e8daaad59aaabc430e2bbb4bd349106036e242"},{"path":"\/Users\/nguyentuan\/Documents\/IOS\/TechMaster\/IOS Nâng cao\/AddLibrary\/MockingbirdMocks\/AddLibraryTests-AddLibraryMocks.generated.swift","hash":"d8f0a48713edba3faf2b4d200fec0e451cef57e1"}],"sourceRoot":"\/Users\/nguyentuan\/Documents\/IOS\/TechMaster\/IOS Nâng cao\/AddLibrary","dependencies":[],"name":"AddLibraryTests"}